Microsoft Visual Studio Solution File, Format Version 11.00
# Visual Studio 2008

Project("{F41ED424-C4A7-2653-D13A-4DA29E8F8CED}") = "TesisKA", "Assembly-CSharp.csproj", "{D6AE0E33-69AE-757B-779C-F49442E78B75}"
EndProject
Global
	GlobalSection(SolutionConfigurationPlatforms) = preSolution
		Debug|Any CPU = Debug|Any CPU
		Release|Any CPU = Release|Any CPU
	EndGlobalSection
	GlobalSection(ProjectConfigurationPlatforms) = postSolution
		{D6AE0E33-69AE-757B-779C-F49442E78B75}.Debug|Any CPU.ActiveCfg = Debug|Any CPU
		{D6AE0E33-69AE-757B-779C-F49442E78B75}.Debug|Any CPU.Build.0 = Debug|Any CPU
		{D6AE0E33-69AE-757B-779C-F49442E78B75}.Release|Any CPU.ActiveCfg = Release|Any CPU
		{D6AE0E33-69AE-757B-779C-F49442E78B75}.Release|Any CPU.Build.0 = Release|Any CPU
	EndGlobalSection
	GlobalSection(SolutionProperties) = preSolution
		HideSolutionNode = FALSE
	EndGlobalSection
	GlobalSection(MonoDevelopProperties) = preSolution
		StartupItem = Assembly-CSharp.csproj
	EndGlobalSection
EndGlobal
